
Microsoft Visual Studio Solution File, Format Version 12.00
# Visual Studio Version 17
VisualStudioVersion = 17.0.31903.59
MinimumVisualStudioVersion = 10.0.40219.1
Project("{2150E333-8FDC-42A3-9474-1A3956D46DE8}") = "Auth", "Auth", "{183AEB3A-A086-1D8D-C95E-6378F77647C3}"
	ProjectSection(SolutionItems) = preProject
		Auth\PetCare.Auth.Api\Dockerfile = Auth\PetCare.Auth.Api\Dockerfile
	EndProjectSection
EndProject
Project("{FAE04EC0-301F-11D3-BF4B-00C04F79EFBC}") = "PetCare.Auth.Api", "Auth\PetCare.Auth.Api\PetCare.Auth.Api.csproj", "{35D73D8B-43EF-44DB-BCFD-1ED7C622DAC7}"
EndProject
Project("{FAE04EC0-301F-11D3-BF4B-00C04F79EFBC}") = "PetCare.Auth.Application", "Auth\PetCare.Auth.Application\PetCare.Auth.Application.csproj", "{85D6C541-35C9-4912-A3BD-9700451BA603}"
EndProject
Project("{FAE04EC0-301F-11D3-BF4B-00C04F79EFBC}") = "PetCare.Auth.Domain", "Auth\PetCare.Auth.Domain\PetCare.Auth.Domain.csproj", "{627EFBCD-D41E-43D6-AD0F-C9C6DD747E79}"
EndProject
Project("{FAE04EC0-301F-11D3-BF4B-00C04F79EFBC}") = "PetCare.Auth.Infrastructure", "Auth\PetCare.Auth.Infrastructure\PetCare.Auth.Infrastructure.csproj", "{8490AE18-7D2F-414D-A55F-9D1B61773597}"
EndProject
Project("{2150E333-8FDC-42A3-9474-1A3956D46DE8}") = "Pets", "Pets", "{DD001710-CD29-CBB5-DA17-B5B0038F3D16}"
EndProject
Project("{FAE04EC0-301F-11D3-BF4B-00C04F79EFBC}") = "PetCare.Pets.Api", "Pets\PetCare.Pets.Api\PetCare.Pets.Api.csproj", "{570ACA8E-053F-450E-BB39-75D25BE6F717}"
EndProject
Project("{FAE04EC0-301F-11D3-BF4B-00C04F79EFBC}") = "PetCare.Pets.Application", "Pets\PetCare.Pets.Application\PetCare.Pets.Application.csproj", "{6735D692-DE09-47CD-9B3F-82D0B78341BF}"
EndProject
Project("{FAE04EC0-301F-11D3-BF4B-00C04F79EFBC}") = "PetCare.Pets.Domain", "Pets\PetCare.Pets.Domain\PetCare.Pets.Domain.csproj", "{F6AEE004-ACC0-496B-AA96-25EC156E8FE5}"
EndProject
Project("{FAE04EC0-301F-11D3-BF4B-00C04F79EFBC}") = "PetCare.Pets.Infrastructure", "Pets\PetCare.Pets.Infrastructure\PetCare.Pets.Infrastructure.csproj", "{56EF7007-828E-4E32-BCF0-7CA5F2B75100}"
EndProject
Project("{2150E333-8FDC-42A3-9474-1A3956D46DE8}") = "Booking", "Booking", "{049709DC-B2E1-CB57-AF8D-0E936AF5ACCA}"
EndProject
Project("{FAE04EC0-301F-11D3-BF4B-00C04F79EFBC}") = "PetCare.Booking.Api", "Booking\PetCare.Booking.Api\PetCare.Booking.Api.csproj", "{3D0FCBA3-4040-4990-9DE7-5D20999470AF}"
EndProject
Project("{FAE04EC0-301F-11D3-BF4B-00C04F79EFBC}") = "PetCare.Booking.Application", "Booking\PetCare.Booking.Application\PetCare.Booking.Application.csproj", "{84BBB8BB-F430-4B07-A4A3-C4AAC39C5CE3}"
EndProject
Project("{FAE04EC0-301F-11D3-BF4B-00C04F79EFBC}") = "PetCare.Booking.Domain", "Booking\PetCare.Booking.Domain\PetCare.Booking.Domain.csproj", "{1B2FF5B5-DE40-4314-91F3-D28A12929E09}"
EndProject
Project("{FAE04EC0-301F-11D3-BF4B-00C04F79EFBC}") = "PetCare.Booking.Infrastructure", "Booking\PetCare.Booking.Infrastructure\PetCare.Booking.Infrastructure.csproj", "{E630111A-B99D-4692-92DA-70C98448D5DE}"
EndProject
Project("{2150E333-8FDC-42A3-9474-1A3956D46DE8}") = "Payment", "Payment", "{BC32782B-3DC9-3934-259F-F436AC525407}"
EndProject
Project("{FAE04EC0-301F-11D3-BF4B-00C04F79EFBC}") = "PetCare.Payment.Api", "Payment\PetCare.Payment.Api\PetCare.Payment.Api.csproj", "{51B29E59-3AB2-4036-8133-A5B5A107BB34}"
EndProject
Project("{FAE04EC0-301F-11D3-BF4B-00C04F79EFBC}") = "PetCare.Payment.Application", "Payment\PetCare.Payment.Application\PetCare.Payment.Application.csproj", "{59849444-D780-4B78-92D8-CDAC3FF38692}"
EndProject
Project("{FAE04EC0-301F-11D3-BF4B-00C04F79EFBC}") = "PetCare.Payment.Domain", "Payment\PetCare.Payment.Domain\PetCare.Payment.Domain.csproj", "{9D80A6FA-E4A0-4D1F-8101-DC5E91FB4668}"
EndProject
Project("{FAE04EC0-301F-11D3-BF4B-00C04F79EFBC}") = "PetCare.Payment.Infrastructure", "Payment\PetCare.Payment.Infrastructure\PetCare.Payment.Infrastructure.csproj", "{7035969B-23AD-428A-9BFE-4B1E1944FF73}"
EndProject
Project("{2150E333-8FDC-42A3-9474-1A3956D46DE8}") = "Review", "Review", "{3AF3C6C5-49A4-9431-9BED-3179A0F4DD13}"
EndProject
Project("{FAE04EC0-301F-11D3-BF4B-00C04F79EFBC}") = "PetCare.Review.Api", "Review\PetCare.Review.Api\PetCare.Review.Api.csproj", "{02650661-64CA-48F8-92EB-5AFE8F6F634E}"
EndProject
Project("{FAE04EC0-301F-11D3-BF4B-00C04F79EFBC}") = "PetCare.Review.Application", "Review\PetCare.Review.Application\PetCare.Review.Application.csproj", "{454A2974-FD07-43D6-891A-9447F2871244}"
EndProject
Project("{FAE04EC0-301F-11D3-BF4B-00C04F79EFBC}") = "PetCare.Review.Domain", "Review\PetCare.Review.Domain\PetCare.Review.Domain.csproj", "{B34C6C0C-1AC1-4BA3-9AAB-641F3F072433}"
EndProject
Project("{FAE04EC0-301F-11D3-BF4B-00C04F79EFBC}") = "PetCare.Review.Infrastructure", "Review\PetCare.Review.Infrastructure\PetCare.Review.Infrastructure.csproj", "{30D20343-DA72-4DD1-8F03-B3C27C9BE538}"
EndProject
Project("{2150E333-8FDC-42A3-9474-1A3956D46DE8}") = "Notification", "Notification", "{AA9EE0C7-4E1A-44BC-243C-C4E356DC2F3C}"
EndProject
Project("{FAE04EC0-301F-11D3-BF4B-00C04F79EFBC}") = "PetCare.Notification.Application", "Notification\PetCare.Notification.Application\PetCare.Notification.Application.csproj", "{2B4A26F5-0084-4732-8741-70F4BB5C6A0E}"
EndProject
Project("{FAE04EC0-301F-11D3-BF4B-00C04F79EFBC}") = "PetCare.Notification.Domain", "Notification\PetCare.Notification.Domain\PetCare.Notification.Domain.csproj", "{3EAE90CB-FEE9-4732-A2FC-B18DBB400445}"
EndProject
Project("{FAE04EC0-301F-11D3-BF4B-00C04F79EFBC}") = "PetCare.Notification.Infrastructure", "Notification\PetCare.Notification.Infrastructure\PetCare.Notification.Infrastructure.csproj", "{EB3E3B6A-A919-4FF3-A9CD-FFBE2E6667F4}"
EndProject
Project("{2150E333-8FDC-42A3-9474-1A3956D46DE8}") = "Solution Items", "Solution Items", "{02EA681E-C7D8-13C7-8484-4AC65E1B71E8}"
	ProjectSection(SolutionItems) = preProject
		.editorconfig = .editorconfig
	EndProjectSection
EndProject
Project("{FAE04EC0-301F-11D3-BF4B-00C04F79EFBC}") = "PetCare.Notification.Api", "Notification\PetCare.Notification.Api\PetCare.Notification.Api.csproj", "{835536BA-DA84-3B01-0041-37C59473CF75}"
EndProject
Project("{2150E333-8FDC-42A3-9474-1A3956D46DE8}") = "Shared", "Shared", "{5EECEC37-79AE-4262-9D2D-0CF69D0543ED}"
EndProject
Project("{FAE04EC0-301F-11D3-BF4B-00C04F79EFBC}") = "PetCare.Shared.DTOs", "Shared\PetCare.Shared.DTOs\PetCare.Shared.DTOs.csproj", "{789C539C-3A90-73F5-24EE-434E1FC83ABB}"
EndProject
Project("{FAE04EC0-301F-11D3-BF4B-00C04F79EFBC}") = "PetCare.Booking.Tests", "Booking\PetCare.Booking.Tests\PetCare.Booking.Tests.csproj", "{A3B426CD-EEBB-8F9F-427B-1552E151A28A}"
EndProject
Project("{FAE04EC0-301F-11D3-BF4B-00C04F79EFBC}") = "PetCare.Booking.Application.Common", "Common\PetCare.Booking.Application.Common.csproj", "{00C3A313-136F-4E1D-9B72-57983DE6BAC5}"
EndProject
Project("{FAE04EC0-301F-11D3-BF4B-00C04F79EFBC}") = "PetCare.Booking.Extensions", "Booking\PetCare.Booking.Extensions\PetCare.Booking.Extensions.csproj", "{A9AA7222-A758-9F38-F5E3-7FFA6592E358}"
EndProject
Global
	GlobalSection(SolutionConfigurationPlatforms) = preSolution
		Debug|Any CPU = Debug|Any CPU
		Debug|x64 = Debug|x64
		Debug|x86 = Debug|x86
		Release|Any CPU = Release|Any CPU
		Release|x64 = Release|x64
		Release|x86 = Release|x86
	EndGlobalSection
	GlobalSection(ProjectConfigurationPlatforms) = postSolution
		{35D73D8B-43EF-44DB-BCFD-1ED7C622DAC7}.Debug|Any CPU.ActiveCfg = Debug|Any CPU
		{35D73D8B-43EF-44DB-BCFD-1ED7C622DAC7}.Debug|Any CPU.Build.0 = Debug|Any CPU
		{35D73D8B-43EF-44DB-BCFD-1ED7C622DAC7}.Debug|x64.ActiveCfg = Debug|Any CPU
		{35D73D8B-43EF-44DB-BCFD-1ED7C622DAC7}.Debug|x64.Build.0 = Debug|Any CPU
		{35D73D8B-43EF-44DB-BCFD-1ED7C622DAC7}.Debug|x86.ActiveCfg = Debug|Any CPU
		{35D73D8B-43EF-44DB-BCFD-1ED7C622DAC7}.Debug|x86.Build.0 = Debug|Any CPU
		{35D73D8B-43EF-44DB-BCFD-1ED7C622DAC7}.Release|Any CPU.ActiveCfg = Release|Any CPU
		{35D73D8B-43EF-44DB-BCFD-1ED7C622DAC7}.Release|Any CPU.Build.0 = Release|Any CPU
		{35D73D8B-43EF-44DB-BCFD-1ED7C622DAC7}.Release|x64.ActiveCfg = Release|Any CPU
		{35D73D8B-43EF-44DB-BCFD-1ED7C622DAC7}.Release|x64.Build.0 = Release|Any CPU
		{35D73D8B-43EF-44DB-BCFD-1ED7C622DAC7}.Release|x86.ActiveCfg = Release|Any CPU
		{35D73D8B-43EF-44DB-BCFD-1ED7C622DAC7}.Release|x86.Build.0 = Release|Any CPU
		{85D6C541-35C9-4912-A3BD-9700451BA603}.Debug|Any CPU.ActiveCfg = Debug|Any CPU
		{85D6C541-35C9-4912-A3BD-9700451BA603}.Debug|Any CPU.Build.0 = Debug|Any CPU
		{85D6C541-35C9-4912-A3BD-9700451BA603}.Debug|x64.ActiveCfg = Debug|Any CPU
		{85D6C541-35C9-4912-A3BD-9700451BA603}.Debug|x64.Build.0 = Debug|Any CPU
		{85D6C541-35C9-4912-A3BD-9700451BA603}.Debug|x86.ActiveCfg = Debug|Any CPU
		{85D6C541-35C9-4912-A3BD-9700451BA603}.Debug|x86.Build.0 = Debug|Any CPU
		{85D6C541-35C9-4912-A3BD-9700451BA603}.Release|Any CPU.ActiveCfg = Release|Any CPU
		{85D6C541-35C9-4912-A3BD-9700451BA603}.Release|Any CPU.Build.0 = Release|Any CPU
		{85D6C541-35C9-4912-A3BD-9700451BA603}.Release|x64.ActiveCfg = Release|Any CPU
		{85D6C541-35C9-4912-A3BD-9700451BA603}.Release|x64.Build.0 = Release|Any CPU
		{85D6C541-35C9-4912-A3BD-9700451BA603}.Release|x86.ActiveCfg = Release|Any CPU
		{85D6C541-35C9-4912-A3BD-9700451BA603}.Release|x86.Build.0 = Release|Any CPU
		{627EFBCD-D41E-43D6-AD0F-C9C6DD747E79}.Debug|Any CPU.ActiveCfg = Debug|Any CPU
		{627EFBCD-D41E-43D6-AD0F-C9C6DD747E79}.Debug|Any CPU.Build.0 = Debug|Any CPU
		{627EFBCD-D41E-43D6-AD0F-C9C6DD747E79}.Debug|x64.ActiveCfg = Debug|Any CPU
		{627EFBCD-D41E-43D6-AD0F-C9C6DD747E79}.Debug|x64.Build.0 = Debug|Any CPU
		{627EFBCD-D41E-43D6-AD0F-C9C6DD747E79}.Debug|x86.ActiveCfg = Debug|Any CPU
		{627EFBCD-D41E-43D6-AD0F-C9C6DD747E79}.Debug|x86.Build.0 = Debug|Any CPU
		{627EFBCD-D41E-43D6-AD0F-C9C6DD747E79}.Release|Any CPU.ActiveCfg = Release|Any CPU
		{627EFBCD-D41E-43D6-AD0F-C9C6DD747E79}.Release|Any CPU.Build.0 = Release|Any CPU
		{627EFBCD-D41E-43D6-AD0F-C9C6DD747E79}.Release|x64.ActiveCfg = Release|Any CPU
		{627EFBCD-D41E-43D6-AD0F-C9C6DD747E79}.Release|x64.Build.0 = Release|Any CPU
		{627EFBCD-D41E-43D6-AD0F-C9C6DD747E79}.Release|x86.ActiveCfg = Release|Any CPU
		{627EFBCD-D41E-43D6-AD0F-C9C6DD747E79}.Release|x86.Build.0 = Release|Any CPU
		{8490AE18-7D2F-414D-A55F-9D1B61773597}.Debug|Any CPU.ActiveCfg = Debug|Any CPU
		{8490AE18-7D2F-414D-A55F-9D1B61773597}.Debug|Any CPU.Build.0 = Debug|Any CPU
		{8490AE18-7D2F-414D-A55F-9D1B61773597}.Debug|x64.ActiveCfg = Debug|Any CPU
		{8490AE18-7D2F-414D-A55F-9D1B61773597}.Debug|x64.Build.0 = Debug|Any CPU
		{8490AE18-7D2F-414D-A55F-9D1B61773597}.Debug|x86.ActiveCfg = Debug|Any CPU
		{8490AE18-7D2F-414D-A55F-9D1B61773597}.Debug|x86.Build.0 = Debug|Any CPU
		{8490AE18-7D2F-414D-A55F-9D1B61773597}.Release|Any CPU.ActiveCfg = Release|Any CPU
		{8490AE18-7D2F-414D-A55F-9D1B61773597}.Release|Any CPU.Build.0 = Release|Any CPU
		{8490AE18-7D2F-414D-A55F-9D1B61773597}.Release|x64.ActiveCfg = Release|Any CPU
		{8490AE18-7D2F-414D-A55F-9D1B61773597}.Release|x64.Build.0 = Release|Any CPU
		{8490AE18-7D2F-414D-A55F-9D1B61773597}.Release|x86.ActiveCfg = Release|Any CPU
		{8490AE18-7D2F-414D-A55F-9D1B61773597}.Release|x86.Build.0 = Release|Any CPU
		{570ACA8E-053F-450E-BB39-75D25BE6F717}.Debug|Any CPU.ActiveCfg = Debug|Any CPU
		{570ACA8E-053F-450E-BB39-75D25BE6F717}.Debug|Any CPU.Build.0 = Debug|Any CPU
		{570ACA8E-053F-450E-BB39-75D25BE6F717}.Debug|x64.ActiveCfg = Debug|Any CPU
		{570ACA8E-053F-450E-BB39-75D25BE6F717}.Debug|x64.Build.0 = Debug|Any CPU
		{570ACA8E-053F-450E-BB39-75D25BE6F717}.Debug|x86.ActiveCfg = Debug|Any CPU
		{570ACA8E-053F-450E-BB39-75D25BE6F717}.Debug|x86.Build.0 = Debug|Any CPU
		{570ACA8E-053F-450E-BB39-75D25BE6F717}.Release|Any CPU.ActiveCfg = Release|Any CPU
		{570ACA8E-053F-450E-BB39-75D25BE6F717}.Release|Any CPU.Build.0 = Release|Any CPU
		{570ACA8E-053F-450E-BB39-75D25BE6F717}.Release|x64.ActiveCfg = Release|Any CPU
		{570ACA8E-053F-450E-BB39-75D25BE6F717}.Release|x64.Build.0 = Release|Any CPU
		{570ACA8E-053F-450E-BB39-75D25BE6F717}.Release|x86.ActiveCfg = Release|Any CPU
		{570ACA8E-053F-450E-BB39-75D25BE6F717}.Release|x86.Build.0 = Release|Any CPU
		{6735D692-DE09-47CD-9B3F-82D0B78341BF}.Debug|Any CPU.ActiveCfg = Debug|Any CPU
		{6735D692-DE09-47CD-9B3F-82D0B78341BF}.Debug|Any CPU.Build.0 = Debug|Any CPU
		{6735D692-DE09-47CD-9B3F-82D0B78341BF}.Debug|x64.ActiveCfg = Debug|Any CPU
		{6735D692-DE09-47CD-9B3F-82D0B78341BF}.Debug|x64.Build.0 = Debug|Any CPU
		{6735D692-DE09-47CD-9B3F-82D0B78341BF}.Debug|x86.ActiveCfg = Debug|Any CPU
		{6735D692-DE09-47CD-9B3F-82D0B78341BF}.Debug|x86.Build.0 = Debug|Any CPU
		{6735D692-DE09-47CD-9B3F-82D0B78341BF}.Release|Any CPU.ActiveCfg = Release|Any CPU
		{6735D692-DE09-47CD-9B3F-82D0B78341BF}.Release|Any CPU.Build.0 = Release|Any CPU
		{6735D692-DE09-47CD-9B3F-82D0B78341BF}.Release|x64.ActiveCfg = Release|Any CPU
		{6735D692-DE09-47CD-9B3F-82D0B78341BF}.Release|x64.Build.0 = Release|Any CPU
		{6735D692-DE09-47CD-9B3F-82D0B78341BF}.Release|x86.ActiveCfg = Release|Any CPU
		{6735D692-DE09-47CD-9B3F-82D0B78341BF}.Release|x86.Build.0 = Release|Any CPU
		{F6AEE004-ACC0-496B-AA96-25EC156E8FE5}.Debug|Any CPU.ActiveCfg = Debug|Any CPU
		{F6AEE004-ACC0-496B-AA96-25EC156E8FE5}.Debug|Any CPU.Build.0 = Debug|Any CPU
		{F6AEE004-ACC0-496B-AA96-25EC156E8FE5}.Debug|x64.ActiveCfg = Debug|Any CPU
		{F6AEE004-ACC0-496B-AA96-25EC156E8FE5}.Debug|x64.Build.0 = Debug|Any CPU
		{F6AEE004-ACC0-496B-AA96-25EC156E8FE5}.Debug|x86.ActiveCfg = Debug|Any CPU
		{F6AEE004-ACC0-496B-AA96-25EC156E8FE5}.Debug|x86.Build.0 = Debug|Any CPU
		{F6AEE004-ACC0-496B-AA96-25EC156E8FE5}.Release|Any CPU.ActiveCfg = Release|Any CPU
		{F6AEE004-ACC0-496B-AA96-25EC156E8FE5}.Release|Any CPU.Build.0 = Release|Any CPU
		{F6AEE004-ACC0-496B-AA96-25EC156E8FE5}.Release|x64.ActiveCfg = Release|Any CPU
		{F6AEE004-ACC0-496B-AA96-25EC156E8FE5}.Release|x64.Build.0 = Release|Any CPU
		{F6AEE004-ACC0-496B-AA96-25EC156E8FE5}.Release|x86.ActiveCfg = Release|Any CPU
		{F6AEE004-ACC0-496B-AA96-25EC156E8FE5}.Release|x86.Build.0 = Release|Any CPU
		{56EF7007-828E-4E32-BCF0-7CA5F2B75100}.Debug|Any CPU.ActiveCfg = Debug|Any CPU
		{56EF7007-828E-4E32-BCF0-7CA5F2B75100}.Debug|Any CPU.Build.0 = Debug|Any CPU
		{56EF7007-828E-4E32-BCF0-7CA5F2B75100}.Debug|x64.ActiveCfg = Debug|Any CPU
		{56EF7007-828E-4E32-BCF0-7CA5F2B75100}.Debug|x64.Build.0 = Debug|Any CPU
		{56EF7007-828E-4E32-BCF0-7CA5F2B75100}.Debug|x86.ActiveCfg = Debug|Any CPU
		{56EF7007-828E-4E32-BCF0-7CA5F2B75100}.Debug|x86.Build.0 = Debug|Any CPU
		{56EF7007-828E-4E32-BCF0-7CA5F2B75100}.Release|Any CPU.ActiveCfg = Release|Any CPU
		{56EF7007-828E-4E32-BCF0-7CA5F2B75100}.Release|Any CPU.Build.0 = Release|Any CPU
		{56EF7007-828E-4E32-BCF0-7CA5F2B75100}.Release|x64.ActiveCfg = Release|Any CPU
		{56EF7007-828E-4E32-BCF0-7CA5F2B75100}.Release|x64.Build.0 = Release|Any CPU
		{56EF7007-828E-4E32-BCF0-7CA5F2B75100}.Release|x86.ActiveCfg = Release|Any CPU
		{56EF7007-828E-4E32-BCF0-7CA5F2B75100}.Release|x86.Build.0 = Release|Any CPU
		{3D0FCBA3-4040-4990-9DE7-5D20999470AF}.Debug|Any CPU.ActiveCfg = Debug|Any CPU
		{3D0FCBA3-4040-4990-9DE7-5D20999470AF}.Debug|Any CPU.Build.0 = Debug|Any CPU
		{3D0FCBA3-4040-4990-9DE7-5D20999470AF}.Debug|x64.ActiveCfg = Debug|Any CPU
		{3D0FCBA3-4040-4990-9DE7-5D20999470AF}.Debug|x64.Build.0 = Debug|Any CPU
		{3D0FCBA3-4040-4990-9DE7-5D20999470AF}.Debug|x86.ActiveCfg = Debug|Any CPU
		{3D0FCBA3-4040-4990-9DE7-5D20999470AF}.Debug|x86.Build.0 = Debug|Any CPU
		{3D0FCBA3-4040-4990-9DE7-5D20999470AF}.Release|Any CPU.ActiveCfg = Release|Any CPU
		{3D0FCBA3-4040-4990-9DE7-5D20999470AF}.Release|Any CPU.Build.0 = Release|Any CPU
		{3D0FCBA3-4040-4990-9DE7-5D20999470AF}.Release|x64.ActiveCfg = Release|Any CPU
		{3D0FCBA3-4040-4990-9DE7-5D20999470AF}.Release|x64.Build.0 = Release|Any CPU
		{3D0FCBA3-4040-4990-9DE7-5D20999470AF}.Release|x86.ActiveCfg = Release|Any CPU
		{3D0FCBA3-4040-4990-9DE7-5D20999470AF}.Release|x86.Build.0 = Release|Any CPU
		{84BBB8BB-F430-4B07-A4A3-C4AAC39C5CE3}.Debug|Any CPU.ActiveCfg = Debug|Any CPU
		{84BBB8BB-F430-4B07-A4A3-C4AAC39C5CE3}.Debug|Any CPU.Build.0 = Debug|Any CPU
		{84BBB8BB-F430-4B07-A4A3-C4AAC39C5CE3}.Debug|x64.ActiveCfg = Debug|Any CPU
		{84BBB8BB-F430-4B07-A4A3-C4AAC39C5CE3}.Debug|x64.Build.0 = Debug|Any CPU
		{84BBB8BB-F430-4B07-A4A3-C4AAC39C5CE3}.Debug|x86.ActiveCfg = Debug|Any CPU
		{84BBB8BB-F430-4B07-A4A3-C4AAC39C5CE3}.Debug|x86.Build.0 = Debug|Any CPU
		{84BBB8BB-F430-4B07-A4A3-C4AAC39C5CE3}.Release|Any CPU.ActiveCfg = Release|Any CPU
		{84BBB8BB-F430-4B07-A4A3-C4AAC39C5CE3}.Release|Any CPU.Build.0 = Release|Any CPU
		{84BBB8BB-F430-4B07-A4A3-C4AAC39C5CE3}.Release|x64.ActiveCfg = Release|Any CPU
		{84BBB8BB-F430-4B07-A4A3-C4AAC39C5CE3}.Release|x64.Build.0 = Release|Any CPU
		{84BBB8BB-F430-4B07-A4A3-C4AAC39C5CE3}.Release|x86.ActiveCfg = Release|Any CPU
		{84BBB8BB-F430-4B07-A4A3-C4AAC39C5CE3}.Release|x86.Build.0 = Release|Any CPU
		{1B2FF5B5-DE40-4314-91F3-D28A12929E09}.Debug|Any CPU.ActiveCfg = Debug|Any CPU
		{1B2FF5B5-DE40-4314-91F3-D28A12929E09}.Debug|Any CPU.Build.0 = Debug|Any CPU
		{1B2FF5B5-DE40-4314-91F3-D28A12929E09}.Debug|x64.ActiveCfg = Debug|Any CPU
		{1B2FF5B5-DE40-4314-91F3-D28A12929E09}.Debug|x64.Build.0 = Debug|Any CPU
		{1B2FF5B5-DE40-4314-91F3-D28A12929E09}.Debug|x86.ActiveCfg = Debug|Any CPU
		{1B2FF5B5-DE40-4314-91F3-D28A12929E09}.Debug|x86.Build.0 = Debug|Any CPU
		{1B2FF5B5-DE40-4314-91F3-D28A12929E09}.Release|Any CPU.ActiveCfg = Release|Any CPU
		{1B2FF5B5-DE40-4314-91F3-D28A12929E09}.Release|Any CPU.Build.0 = Release|Any CPU
		{1B2FF5B5-DE40-4314-91F3-D28A12929E09}.Release|x64.ActiveCfg = Release|Any CPU
		{1B2FF5B5-DE40-4314-91F3-D28A12929E09}.Release|x64.Build.0 = Release|Any CPU
		{1B2FF5B5-DE40-4314-91F3-D28A12929E09}.Release|x86.ActiveCfg = Release|Any CPU
		{1B2FF5B5-DE40-4314-91F3-D28A12929E09}.Release|x86.Build.0 = Release|Any CPU
		{E630111A-B99D-4692-92DA-70C98448D5DE}.Debug|Any CPU.ActiveCfg = Debug|Any CPU
		{E630111A-B99D-4692-92DA-70C98448D5DE}.Debug|Any CPU.Build.0 = Debug|Any CPU
		{E630111A-B99D-4692-92DA-70C98448D5DE}.Debug|x64.ActiveCfg = Debug|Any CPU
		{E630111A-B99D-4692-92DA-70C98448D5DE}.Debug|x64.Build.0 = Debug|Any CPU
		{E630111A-B99D-4692-92DA-70C98448D5DE}.Debug|x86.ActiveCfg = Debug|Any CPU
		{E630111A-B99D-4692-92DA-70C98448D5DE}.Debug|x86.Build.0 = Debug|Any CPU
		{E630111A-B99D-4692-92DA-70C98448D5DE}.Release|Any CPU.ActiveCfg = Release|Any CPU
		{E630111A-B99D-4692-92DA-70C98448D5DE}.Release|Any CPU.Build.0 = Release|Any CPU
		{E630111A-B99D-4692-92DA-70C98448D5DE}.Release|x64.ActiveCfg = Release|Any CPU
		{E630111A-B99D-4692-92DA-70C98448D5DE}.Release|x64.Build.0 = Release|Any CPU
		{E630111A-B99D-4692-92DA-70C98448D5DE}.Release|x86.ActiveCfg = Release|Any CPU
		{E630111A-B99D-4692-92DA-70C98448D5DE}.Release|x86.Build.0 = Release|Any CPU
		{51B29E59-3AB2-4036-8133-A5B5A107BB34}.Debug|Any CPU.ActiveCfg = Debug|Any CPU
		{51B29E59-3AB2-4036-8133-A5B5A107BB34}.Debug|Any CPU.Build.0 = Debug|Any CPU
		{51B29E59-3AB2-4036-8133-A5B5A107BB34}.Debug|x64.ActiveCfg = Debug|Any CPU
		{51B29E59-3AB2-4036-8133-A5B5A107BB34}.Debug|x64.Build.0 = Debug|Any CPU
		{51B29E59-3AB2-4036-8133-A5B5A107BB34}.Debug|x86.ActiveCfg = Debug|Any CPU
		{51B29E59-3AB2-4036-8133-A5B5A107BB34}.Debug|x86.Build.0 = Debug|Any CPU
		{51B29E59-3AB2-4036-8133-A5B5A107BB34}.Release|Any CPU.ActiveCfg = Release|Any CPU
		{51B29E59-3AB2-4036-8133-A5B5A107BB34}.Release|Any CPU.Build.0 = Release|Any CPU
		{51B29E59-3AB2-4036-8133-A5B5A107BB34}.Release|x64.ActiveCfg = Release|Any CPU
		{51B29E59-3AB2-4036-8133-A5B5A107BB34}.Release|x64.Build.0 = Release|Any CPU
		{51B29E59-3AB2-4036-8133-A5B5A107BB34}.Release|x86.ActiveCfg = Release|Any CPU
		{51B29E59-3AB2-4036-8133-A5B5A107BB34}.Release|x86.Build.0 = Release|Any CPU
		{59849444-D780-4B78-92D8-CDAC3FF38692}.Debug|Any CPU.ActiveCfg = Debug|Any CPU
		{59849444-D780-4B78-92D8-CDAC3FF38692}.Debug|Any CPU.Build.0 = Debug|Any CPU
		{59849444-D780-4B78-92D8-CDAC3FF38692}.Debug|x64.ActiveCfg = Debug|Any CPU
		{59849444-D780-4B78-92D8-CDAC3FF38692}.Debug|x64.Build.0 = Debug|Any CPU
		{59849444-D780-4B78-92D8-CDAC3FF38692}.Debug|x86.ActiveCfg = Debug|Any CPU
		{59849444-D780-4B78-92D8-CDAC3FF38692}.Debug|x86.Build.0 = Debug|Any CPU
		{59849444-D780-4B78-92D8-CDAC3FF38692}.Release|Any CPU.ActiveCfg = Release|Any CPU
		{59849444-D780-4B78-92D8-CDAC3FF38692}.Release|Any CPU.Build.0 = Release|Any CPU
		{59849444-D780-4B78-92D8-CDAC3FF38692}.Release|x64.ActiveCfg = Release|Any CPU
		{59849444-D780-4B78-92D8-CDAC3FF38692}.Release|x64.Build.0 = Release|Any CPU
		{59849444-D780-4B78-92D8-CDAC3FF38692}.Release|x86.ActiveCfg = Release|Any CPU
		{59849444-D780-4B78-92D8-CDAC3FF38692}.Release|x86.Build.0 = Release|Any CPU
		{9D80A6FA-E4A0-4D1F-8101-DC5E91FB4668}.Debug|Any CPU.ActiveCfg = Debug|Any CPU
		{9D80A6FA-E4A0-4D1F-8101-DC5E91FB4668}.Debug|Any CPU.Build.0 = Debug|Any CPU
		{9D80A6FA-E4A0-4D1F-8101-DC5E91FB4668}.Debug|x64.ActiveCfg = Debug|Any CPU
		{9D80A6FA-E4A0-4D1F-8101-DC5E91FB4668}.Debug|x64.Build.0 = Debug|Any CPU
		{9D80A6FA-E4A0-4D1F-8101-DC5E91FB4668}.Debug|x86.ActiveCfg = Debug|Any CPU
		{9D80A6FA-E4A0-4D1F-8101-DC5E91FB4668}.Debug|x86.Build.0 = Debug|Any CPU
		{9D80A6FA-E4A0-4D1F-8101-DC5E91FB4668}.Release|Any CPU.ActiveCfg = Release|Any CPU
		{9D80A6FA-E4A0-4D1F-8101-DC5E91FB4668}.Release|Any CPU.Build.0 = Release|Any CPU
		{9D80A6FA-E4A0-4D1F-8101-DC5E91FB4668}.Release|x64.ActiveCfg = Release|Any CPU
		{9D80A6FA-E4A0-4D1F-8101-DC5E91FB4668}.Release|x64.Build.0 = Release|Any CPU
		{9D80A6FA-E4A0-4D1F-8101-DC5E91FB4668}.Release|x86.ActiveCfg = Release|Any CPU
		{9D80A6FA-E4A0-4D1F-8101-DC5E91FB4668}.Release|x86.Build.0 = Release|Any CPU
		{7035969B-23AD-428A-9BFE-4B1E1944FF73}.Debug|Any CPU.ActiveCfg = Debug|Any CPU
		{7035969B-23AD-428A-9BFE-4B1E1944FF73}.Debug|Any CPU.Build.0 = Debug|Any CPU
		{7035969B-23AD-428A-9BFE-4B1E1944FF73}.Debug|x64.ActiveCfg = Debug|Any CPU
		{7035969B-23AD-428A-9BFE-4B1E1944FF73}.Debug|x64.Build.0 = Debug|Any CPU
		{7035969B-23AD-428A-9BFE-4B1E1944FF73}.Debug|x86.ActiveCfg = Debug|Any CPU
		{7035969B-23AD-428A-9BFE-4B1E1944FF73}.Debug|x86.Build.0 = Debug|Any CPU
		{7035969B-23AD-428A-9BFE-4B1E1944FF73}.Release|Any CPU.ActiveCfg = Release|Any CPU
		{7035969B-23AD-428A-9BFE-4B1E1944FF73}.Release|Any CPU.Build.0 = Release|Any CPU
		{7035969B-23AD-428A-9BFE-4B1E1944FF73}.Release|x64.ActiveCfg = Release|Any CPU
		{7035969B-23AD-428A-9BFE-4B1E1944FF73}.Release|x64.Build.0 = Release|Any CPU
		{7035969B-23AD-428A-9BFE-4B1E1944FF73}.Release|x86.ActiveCfg = Release|Any CPU
		{7035969B-23AD-428A-9BFE-4B1E1944FF73}.Release|x86.Build.0 = Release|Any CPU
		{02650661-64CA-48F8-92EB-5AFE8F6F634E}.Debug|Any CPU.ActiveCfg = Debug|Any CPU
		{02650661-64CA-48F8-92EB-5AFE8F6F634E}.Debug|Any CPU.Build.0 = Debug|Any CPU
		{02650661-64CA-48F8-92EB-5AFE8F6F634E}.Debug|x64.ActiveCfg = Debug|Any CPU
		{02650661-64CA-48F8-92EB-5AFE8F6F634E}.Debug|x64.Build.0 = Debug|Any CPU
		{02650661-64CA-48F8-92EB-5AFE8F6F634E}.Debug|x86.ActiveCfg = Debug|Any CPU
		{02650661-64CA-48F8-92EB-5AFE8F6F634E}.Debug|x86.Build.0 = Debug|Any CPU
		{02650661-64CA-48F8-92EB-5AFE8F6F634E}.Release|Any CPU.ActiveCfg = Release|Any CPU
		{02650661-64CA-48F8-92EB-5AFE8F6F634E}.Release|Any CPU.Build.0 = Release|Any CPU
		{02650661-64CA-48F8-92EB-5AFE8F6F634E}.Release|x64.ActiveCfg = Release|Any CPU
		{02650661-64CA-48F8-92EB-5AFE8F6F634E}.Release|x64.Build.0 = Release|Any CPU
		{02650661-64CA-48F8-92EB-5AFE8F6F634E}.Release|x86.ActiveCfg = Release|Any CPU
		{02650661-64CA-48F8-92EB-5AFE8F6F634E}.Release|x86.Build.0 = Release|Any CPU
		{454A2974-FD07-43D6-891A-9447F2871244}.Debug|Any CPU.ActiveCfg = Debug|Any CPU
		{454A2974-FD07-43D6-891A-9447F2871244}.Debug|Any CPU.Build.0 = Debug|Any CPU
		{454A2974-FD07-43D6-891A-9447F2871244}.Debug|x64.ActiveCfg = Debug|Any CPU
		{454A2974-FD07-43D6-891A-9447F2871244}.Debug|x64.Build.0 = Debug|Any CPU
		{454A2974-FD07-43D6-891A-9447F2871244}.Debug|x86.ActiveCfg = Debug|Any CPU
		{454A2974-FD07-43D6-891A-9447F2871244}.Debug|x86.Build.0 = Debug|Any CPU
		{454A2974-FD07-43D6-891A-9447F2871244}.Release|Any CPU.ActiveCfg = Release|Any CPU
		{454A2974-FD07-43D6-891A-9447F2871244}.Release|Any CPU.Build.0 = Release|Any CPU
		{454A2974-FD07-43D6-891A-9447F2871244}.Release|x64.ActiveCfg = Release|Any CPU
		{454A2974-FD07-43D6-891A-9447F2871244}.Release|x64.Build.0 = Release|Any CPU
		{454A2974-FD07-43D6-891A-9447F2871244}.Release|x86.ActiveCfg = Release|Any CPU
		{454A2974-FD07-43D6-891A-9447F2871244}.Release|x86.Build.0 = Release|Any CPU
		{B34C6C0C-1AC1-4BA3-9AAB-641F3F072433}.Debug|Any CPU.ActiveCfg = Debug|Any CPU
		{B34C6C0C-1AC1-4BA3-9AAB-641F3F072433}.Debug|Any CPU.Build.0 = Debug|Any CPU
		{B34C6C0C-1AC1-4BA3-9AAB-641F3F072433}.Debug|x64.ActiveCfg = Debug|Any CPU
		{B34C6C0C-1AC1-4BA3-9AAB-641F3F072433}.Debug|x64.Build.0 = Debug|Any CPU
		{B34C6C0C-1AC1-4BA3-9AAB-641F3F072433}.Debug|x86.ActiveCfg = Debug|Any CPU
		{B34C6C0C-1AC1-4BA3-9AAB-641F3F072433}.Debug|x86.Build.0 = Debug|Any CPU
		{B34C6C0C-1AC1-4BA3-9AAB-641F3F072433}.Release|Any CPU.ActiveCfg = Release|Any CPU
		{B34C6C0C-1AC1-4BA3-9AAB-641F3F072433}.Release|Any CPU.Build.0 = Release|Any CPU
		{B34C6C0C-1AC1-4BA3-9AAB-641F3F072433}.Release|x64.ActiveCfg = Release|Any CPU
		{B34C6C0C-1AC1-4BA3-9AAB-641F3F072433}.Release|x64.Build.0 = Release|Any CPU
		{B34C6C0C-1AC1-4BA3-9AAB-641F3F072433}.Release|x86.ActiveCfg = Release|Any CPU
		{B34C6C0C-1AC1-4BA3-9AAB-641F3F072433}.Release|x86.Build.0 = Release|Any CPU
		{30D20343-DA72-4DD1-8F03-B3C27C9BE538}.Debug|Any CPU.ActiveCfg = Debug|Any CPU
		{30D20343-DA72-4DD1-8F03-B3C27C9BE538}.Debug|Any CPU.Build.0 = Debug|Any CPU
		{30D20343-DA72-4DD1-8F03-B3C27C9BE538}.Debug|x64.ActiveCfg = Debug|Any CPU
		{30D20343-DA72-4DD1-8F03-B3C27C9BE538}.Debug|x64.Build.0 = Debug|Any CPU
		{30D20343-DA72-4DD1-8F03-B3C27C9BE538}.Debug|x86.ActiveCfg = Debug|Any CPU
		{30D20343-DA72-4DD1-8F03-B3C27C9BE538}.Debug|x86.Build.0 = Debug|Any CPU
		{30D20343-DA72-4DD1-8F03-B3C27C9BE538}.Release|Any CPU.ActiveCfg = Release|Any CPU
		{30D20343-DA72-4DD1-8F03-B3C27C9BE538}.Release|Any CPU.Build.0 = Release|Any CPU
		{30D20343-DA72-4DD1-8F03-B3C27C9BE538}.Release|x64.ActiveCfg = Release|Any CPU
		{30D20343-DA72-4DD1-8F03-B3C27C9BE538}.Release|x64.Build.0 = Release|Any CPU
		{30D20343-DA72-4DD1-8F03-B3C27C9BE538}.Release|x86.ActiveCfg = Release|Any CPU
		{30D20343-DA72-4DD1-8F03-B3C27C9BE538}.Release|x86.Build.0 = Release|Any CPU
		{2B4A26F5-0084-4732-8741-70F4BB5C6A0E}.Debug|Any CPU.ActiveCfg = Debug|Any CPU
		{2B4A26F5-0084-4732-8741-70F4BB5C6A0E}.Debug|Any CPU.Build.0 = Debug|Any CPU
		{2B4A26F5-0084-4732-8741-70F4BB5C6A0E}.Debug|x64.ActiveCfg = Debug|Any CPU
		{2B4A26F5-0084-4732-8741-70F4BB5C6A0E}.Debug|x64.Build.0 = Debug|Any CPU
		{2B4A26F5-0084-4732-8741-70F4BB5C6A0E}.Debug|x86.ActiveCfg = Debug|Any CPU
		{2B4A26F5-0084-4732-8741-70F4BB5C6A0E}.Debug|x86.Build.0 = Debug|Any CPU
		{2B4A26F5-0084-4732-8741-70F4BB5C6A0E}.Release|Any CPU.ActiveCfg = Release|Any CPU
		{2B4A26F5-0084-4732-8741-70F4BB5C6A0E}.Release|Any CPU.Build.0 = Release|Any CPU
		{2B4A26F5-0084-4732-8741-70F4BB5C6A0E}.Release|x64.ActiveCfg = Release|Any CPU
		{2B4A26F5-0084-4732-8741-70F4BB5C6A0E}.Release|x64.Build.0 = Release|Any CPU
		{2B4A26F5-0084-4732-8741-70F4BB5C6A0E}.Release|x86.ActiveCfg = Release|Any CPU
		{2B4A26F5-0084-4732-8741-70F4BB5C6A0E}.Release|x86.Build.0 = Release|Any CPU
		{3EAE90CB-FEE9-4732-A2FC-B18DBB400445}.Debug|Any CPU.ActiveCfg = Debug|Any CPU
		{3EAE90CB-FEE9-4732-A2FC-B18DBB400445}.Debug|Any CPU.Build.0 = Debug|Any CPU
		{3EAE90CB-FEE9-4732-A2FC-B18DBB400445}.Debug|x64.ActiveCfg = Debug|Any CPU
		{3EAE90CB-FEE9-4732-A2FC-B18DBB400445}.Debug|x64.Build.0 = Debug|Any CPU
		{3EAE90CB-FEE9-4732-A2FC-B18DBB400445}.Debug|x86.ActiveCfg = Debug|Any CPU
		{3EAE90CB-FEE9-4732-A2FC-B18DBB400445}.Debug|x86.Build.0 = Debug|Any CPU
		{3EAE90CB-FEE9-4732-A2FC-B18DBB400445}.Release|Any CPU.ActiveCfg = Release|Any CPU
		{3EAE90CB-FEE9-4732-A2FC-B18DBB400445}.Release|Any CPU.Build.0 = Release|Any CPU
		{3EAE90CB-FEE9-4732-A2FC-B18DBB400445}.Release|x64.ActiveCfg = Release|Any CPU
		{3EAE90CB-FEE9-4732-A2FC-B18DBB400445}.Release|x64.Build.0 = Release|Any CPU
		{3EAE90CB-FEE9-4732-A2FC-B18DBB400445}.Release|x86.ActiveCfg = Release|Any CPU
		{3EAE90CB-FEE9-4732-A2FC-B18DBB400445}.Release|x86.Build.0 = Release|Any CPU
		{EB3E3B6A-A919-4FF3-A9CD-FFBE2E6667F4}.Debug|Any CPU.ActiveCfg = Debug|Any CPU
		{EB3E3B6A-A919-4FF3-A9CD-FFBE2E6667F4}.Debug|Any CPU.Build.0 = Debug|Any CPU
		{EB3E3B6A-A919-4FF3-A9CD-FFBE2E6667F4}.Debug|x64.ActiveCfg = Debug|Any CPU
		{EB3E3B6A-A919-4FF3-A9CD-FFBE2E6667F4}.Debug|x64.Build.0 = Debug|Any CPU
		{EB3E3B6A-A919-4FF3-A9CD-FFBE2E6667F4}.Debug|x86.ActiveCfg = Debug|Any CPU
		{EB3E3B6A-A919-4FF3-A9CD-FFBE2E6667F4}.Debug|x86.Build.0 = Debug|Any CPU
		{EB3E3B6A-A919-4FF3-A9CD-FFBE2E6667F4}.Release|Any CPU.ActiveCfg = Release|Any CPU
		{EB3E3B6A-A919-4FF3-A9CD-FFBE2E6667F4}.Release|Any CPU.Build.0 = Release|Any CPU
		{EB3E3B6A-A919-4FF3-A9CD-FFBE2E6667F4}.Release|x64.ActiveCfg = Release|Any CPU
		{EB3E3B6A-A919-4FF3-A9CD-FFBE2E6667F4}.Release|x64.Build.0 = Release|Any CPU
		{EB3E3B6A-A919-4FF3-A9CD-FFBE2E6667F4}.Release|x86.ActiveCfg = Release|Any CPU
		{EB3E3B6A-A919-4FF3-A9CD-FFBE2E6667F4}.Release|x86.Build.0 = Release|Any CPU
		{835536BA-DA84-3B01-0041-37C59473CF75}.Debug|Any CPU.ActiveCfg = Debug|Any CPU
		{835536BA-DA84-3B01-0041-37C59473CF75}.Debug|Any CPU.Build.0 = Debug|Any CPU
		{835536BA-DA84-3B01-0041-37C59473CF75}.Debug|x64.ActiveCfg = Debug|Any CPU
		{835536BA-DA84-3B01-0041-37C59473CF75}.Debug|x64.Build.0 = Debug|Any CPU
		{835536BA-DA84-3B01-0041-37C59473CF75}.Debug|x86.ActiveCfg = Debug|Any CPU
		{835536BA-DA84-3B01-0041-37C59473CF75}.Debug|x86.Build.0 = Debug|Any CPU
		{835536BA-DA84-3B01-0041-37C59473CF75}.Release|Any CPU.ActiveCfg = Release|Any CPU
		{835536BA-DA84-3B01-0041-37C59473CF75}.Release|Any CPU.Build.0 = Release|Any CPU
		{835536BA-DA84-3B01-0041-37C59473CF75}.Release|x64.ActiveCfg = Release|Any CPU
		{835536BA-DA84-3B01-0041-37C59473CF75}.Release|x64.Build.0 = Release|Any CPU
		{835536BA-DA84-3B01-0041-37C59473CF75}.Release|x86.ActiveCfg = Release|Any CPU
		{835536BA-DA84-3B01-0041-37C59473CF75}.Release|x86.Build.0 = Release|Any CPU
		{789C539C-3A90-73F5-24EE-434E1FC83ABB}.Debug|Any CPU.ActiveCfg = Debug|Any CPU
		{789C539C-3A90-73F5-24EE-434E1FC83ABB}.Debug|Any CPU.Build.0 = Debug|Any CPU
		{789C539C-3A90-73F5-24EE-434E1FC83ABB}.Debug|x64.ActiveCfg = Debug|Any CPU
		{789C539C-3A90-73F5-24EE-434E1FC83ABB}.Debug|x64.Build.0 = Debug|Any CPU
		{789C539C-3A90-73F5-24EE-434E1FC83ABB}.Debug|x86.ActiveCfg = Debug|Any CPU
		{789C539C-3A90-73F5-24EE-434E1FC83ABB}.Debug|x86.Build.0 = Debug|Any CPU
		{789C539C-3A90-73F5-24EE-434E1FC83ABB}.Release|Any CPU.ActiveCfg = Release|Any CPU
		{789C539C-3A90-73F5-24EE-434E1FC83ABB}.Release|Any CPU.Build.0 = Release|Any CPU
		{789C539C-3A90-73F5-24EE-434E1FC83ABB}.Release|x64.ActiveCfg = Release|Any CPU
		{789C539C-3A90-73F5-24EE-434E1FC83ABB}.Release|x64.Build.0 = Release|Any CPU
		{789C539C-3A90-73F5-24EE-434E1FC83ABB}.Release|x86.ActiveCfg = Release|Any CPU
		{789C539C-3A90-73F5-24EE-434E1FC83ABB}.Release|x86.Build.0 = Release|Any CPU
		{A3B426CD-EEBB-8F9F-427B-1552E151A28A}.Debug|Any CPU.ActiveCfg = Debug|Any CPU
		{A3B426CD-EEBB-8F9F-427B-1552E151A28A}.Debug|Any CPU.Build.0 = Debug|Any CPU
		{A3B426CD-EEBB-8F9F-427B-1552E151A28A}.Debug|x64.ActiveCfg = Debug|Any CPU
		{A3B426CD-EEBB-8F9F-427B-1552E151A28A}.Debug|x64.Build.0 = Debug|Any CPU
		{A3B426CD-EEBB-8F9F-427B-1552E151A28A}.Debug|x86.ActiveCfg = Debug|Any CPU
		{A3B426CD-EEBB-8F9F-427B-1552E151A28A}.Debug|x86.Build.0 = Debug|Any CPU
		{A3B426CD-EEBB-8F9F-427B-1552E151A28A}.Release|Any CPU.ActiveCfg = Release|Any CPU
		{A3B426CD-EEBB-8F9F-427B-1552E151A28A}.Release|Any CPU.Build.0 = Release|Any CPU
		{A3B426CD-EEBB-8F9F-427B-1552E151A28A}.Release|x64.ActiveCfg = Release|Any CPU
		{A3B426CD-EEBB-8F9F-427B-1552E151A28A}.Release|x64.Build.0 = Release|Any CPU
		{A3B426CD-EEBB-8F9F-427B-1552E151A28A}.Release|x86.ActiveCfg = Release|Any CPU
		{A3B426CD-EEBB-8F9F-427B-1552E151A28A}.Release|x86.Build.0 = Release|Any CPU
		{00C3A313-136F-4E1D-9B72-57983DE6BAC5}.Debug|Any CPU.ActiveCfg = Debug|Any CPU
		{00C3A313-136F-4E1D-9B72-57983DE6BAC5}.Debug|Any CPU.Build.0 = Debug|Any CPU
		{00C3A313-136F-4E1D-9B72-57983DE6BAC5}.Debug|x64.ActiveCfg = Debug|Any CPU
		{00C3A313-136F-4E1D-9B72-57983DE6BAC5}.Debug|x64.Build.0 = Debug|Any CPU
		{00C3A313-136F-4E1D-9B72-57983DE6BAC5}.Debug|x86.ActiveCfg = Debug|Any CPU
		{00C3A313-136F-4E1D-9B72-57983DE6BAC5}.Debug|x86.Build.0 = Debug|Any CPU
		{00C3A313-136F-4E1D-9B72-57983DE6BAC5}.Release|Any CPU.ActiveCfg = Release|Any CPU
		{00C3A313-136F-4E1D-9B72-57983DE6BAC5}.Release|Any CPU.Build.0 = Release|Any CPU
		{00C3A313-136F-4E1D-9B72-57983DE6BAC5}.Release|x64.ActiveCfg = Release|Any CPU
		{00C3A313-136F-4E1D-9B72-57983DE6BAC5}.Release|x64.Build.0 = Release|Any CPU
		{00C3A313-136F-4E1D-9B72-57983DE6BAC5}.Release|x86.ActiveCfg = Release|Any CPU
		{00C3A313-136F-4E1D-9B72-57983DE6BAC5}.Release|x86.Build.0 = Release|Any CPU
		{A9AA7222-A758-9F38-F5E3-7FFA6592E358}.Debug|Any CPU.ActiveCfg = Debug|Any CPU
		{A9AA7222-A758-9F38-F5E3-7FFA6592E358}.Debug|Any CPU.Build.0 = Debug|Any CPU
		{A9AA7222-A758-9F38-F5E3-7FFA6592E358}.Debug|x64.ActiveCfg = Debug|Any CPU
		{A9AA7222-A758-9F38-F5E3-7FFA6592E358}.Debug|x64.Build.0 = Debug|Any CPU
		{A9AA7222-A758-9F38-F5E3-7FFA6592E358}.Debug|x86.ActiveCfg = Debug|Any CPU
		{A9AA7222-A758-9F38-F5E3-7FFA6592E358}.Debug|x86.Build.0 = Debug|Any CPU
		{A9AA7222-A758-9F38-F5E3-7FFA6592E358}.Release|Any CPU.ActiveCfg = Release|Any CPU
		{A9AA7222-A758-9F38-F5E3-7FFA6592E358}.Release|Any CPU.Build.0 = Release|Any CPU
		{A9AA7222-A758-9F38-F5E3-7FFA6592E358}.Release|x64.ActiveCfg = Release|Any CPU
		{A9AA7222-A758-9F38-F5E3-7FFA6592E358}.Release|x64.Build.0 = Release|Any CPU
		{A9AA7222-A758-9F38-F5E3-7FFA6592E358}.Release|x86.ActiveCfg = Release|Any CPU
		{A9AA7222-A758-9F38-F5E3-7FFA6592E358}.Release|x86.Build.0 = Release|Any CPU
	EndGlobalSection
	GlobalSection(SolutionProperties) = preSolution
		HideSolutionNode = FALSE
	EndGlobalSection
	GlobalSection(NestedProjects) = preSolution
		{35D73D8B-43EF-44DB-BCFD-1ED7C622DAC7} = {183AEB3A-A086-1D8D-C95E-6378F77647C3}
		{85D6C541-35C9-4912-A3BD-9700451BA603} = {183AEB3A-A086-1D8D-C95E-6378F77647C3}
		{627EFBCD-D41E-43D6-AD0F-C9C6DD747E79} = {183AEB3A-A086-1D8D-C95E-6378F77647C3}
		{8490AE18-7D2F-414D-A55F-9D1B61773597} = {183AEB3A-A086-1D8D-C95E-6378F77647C3}
		{570ACA8E-053F-450E-BB39-75D25BE6F717} = {DD001710-CD29-CBB5-DA17-B5B0038F3D16}
		{6735D692-DE09-47CD-9B3F-82D0B78341BF} = {DD001710-CD29-CBB5-DA17-B5B0038F3D16}
		{F6AEE004-ACC0-496B-AA96-25EC156E8FE5} = {DD001710-CD29-CBB5-DA17-B5B0038F3D16}
		{56EF7007-828E-4E32-BCF0-7CA5F2B75100} = {DD001710-CD29-CBB5-DA17-B5B0038F3D16}
		{3D0FCBA3-4040-4990-9DE7-5D20999470AF} = {049709DC-B2E1-CB57-AF8D-0E936AF5ACCA}
		{84BBB8BB-F430-4B07-A4A3-C4AAC39C5CE3} = {049709DC-B2E1-CB57-AF8D-0E936AF5ACCA}
		{1B2FF5B5-DE40-4314-91F3-D28A12929E09} = {049709DC-B2E1-CB57-AF8D-0E936AF5ACCA}
		{E630111A-B99D-4692-92DA-70C98448D5DE} = {049709DC-B2E1-CB57-AF8D-0E936AF5ACCA}
		{51B29E59-3AB2-4036-8133-A5B5A107BB34} = {BC32782B-3DC9-3934-259F-F436AC525407}
		{59849444-D780-4B78-92D8-CDAC3FF38692} = {BC32782B-3DC9-3934-259F-F436AC525407}
		{9D80A6FA-E4A0-4D1F-8101-DC5E91FB4668} = {BC32782B-3DC9-3934-259F-F436AC525407}
		{7035969B-23AD-428A-9BFE-4B1E1944FF73} = {BC32782B-3DC9-3934-259F-F436AC525407}
		{02650661-64CA-48F8-92EB-5AFE8F6F634E} = {3AF3C6C5-49A4-9431-9BED-3179A0F4DD13}
		{454A2974-FD07-43D6-891A-9447F2871244} = {3AF3C6C5-49A4-9431-9BED-3179A0F4DD13}
		{B34C6C0C-1AC1-4BA3-9AAB-641F3F072433} = {3AF3C6C5-49A4-9431-9BED-3179A0F4DD13}
		{30D20343-DA72-4DD1-8F03-B3C27C9BE538} = {3AF3C6C5-49A4-9431-9BED-3179A0F4DD13}
		{2B4A26F5-0084-4732-8741-70F4BB5C6A0E} = {AA9EE0C7-4E1A-44BC-243C-C4E356DC2F3C}
		{3EAE90CB-FEE9-4732-A2FC-B18DBB400445} = {AA9EE0C7-4E1A-44BC-243C-C4E356DC2F3C}
		{EB3E3B6A-A919-4FF3-A9CD-FFBE2E6667F4} = {AA9EE0C7-4E1A-44BC-243C-C4E356DC2F3C}
		{835536BA-DA84-3B01-0041-37C59473CF75} = {AA9EE0C7-4E1A-44BC-243C-C4E356DC2F3C}
		{789C539C-3A90-73F5-24EE-434E1FC83ABB} = {5EECEC37-79AE-4262-9D2D-0CF69D0543ED}
		{A3B426CD-EEBB-8F9F-427B-1552E151A28A} = {049709DC-B2E1-CB57-AF8D-0E936AF5ACCA}
		{00C3A313-136F-4E1D-9B72-57983DE6BAC5} = {049709DC-B2E1-CB57-AF8D-0E936AF5ACCA}
		{A9AA7222-A758-9F38-F5E3-7FFA6592E358} = {049709DC-B2E1-CB57-AF8D-0E936AF5ACCA}
	EndGlobalSection
	GlobalSection(ExtensibilityGlobals) = postSolution
		SolutionGuid = {33440C8B-D1D8-4489-AC05-603E5CAFF1D5}
	EndGlobalSection
EndGlobal
